
Microsoft Visual Studio Solution File, Format Version 11.00
# Visual Studio 2010
Project("{FAE04EC0-301F-11D3-BF4B-00C04F79EFBC}") = "NoughtsAndCrossesMD", "NoughtsAndCrossesMD\NoughtsAndCrossesMD.csproj", "{D33E6FFE-ED2D-4A5A-87F1-051DB9087D5E}"
EndProject
Global
	GlobalSection(SolutionConfigurationPlatforms) = preSolution
		Debug|x86 = Debug|x86
		Release|x86 = Release|x86
	EndGlobalSection
	GlobalSection(ProjectConfigurationPlatforms) = postSolution
		{D33E6FFE-ED2D-4A5A-87F1-051DB9087D5E}.Debug|x86.ActiveCfg = Debug|x86
		{D33E6FFE-ED2D-4A5A-87F1-051DB9087D5E}.Debug|x86.Build.0 = Debug|x86
		{D33E6FFE-ED2D-4A5A-87F1-051DB9087D5E}.Release|x86.ActiveCfg = Release|x86
		{D33E6FFE-ED2D-4A5A-87F1-051DB9087D5E}.Release|x86.Build.0 = Release|x86
	EndGlobalSection
	GlobalSection(MonoDevelopProperties) = preSolution
		StartupItem = NoughtsAndCrossesMD\NoughtsAndCrossesMD.csproj
	EndGlobalSection
EndGlobal
